
Microsoft Visual Studio Solution File, Format Version 12.00
# Visual Studio 2012
Project("{FAE04EC0-301F-11D3-BF4B-00C04F79EFBC}") = "CatchVsTestAdapter", "CatchVsTestAdapter\CatchVsTestAdapter.csproj", "{FA8BBFA4-A1E1-462B-AD8F-55502555F587}"
	ProjectSection(ProjectDependencies) = postProject
		{9A3105EF-3452-41A1-815E-18614C0D12DC} = {9A3105EF-3452-41A1-815E-18614C0D12DC}
	EndProjectSection
EndProject
Project("{8BC9CEB8-8B4A-11D0-8D11-00A0C91BC942}") = "TestProject", "TestProject\TestProject.vcxproj", "{5D574261-42EC-45F1-91B8-5BB81A134DDA}"
	ProjectSection(ProjectDependencies) = postProject
		{FA8BBFA4-A1E1-462B-AD8F-55502555F587} = {FA8BBFA4-A1E1-462B-AD8F-55502555F587}
	EndProjectSection
EndProject
Project("{FAE04EC0-301F-11D3-BF4B-00C04F79EFBC}") = "CatchVsProjectTemplate", "CatchVsProjectTemplate\CatchVsProjectTemplate.csproj", "{9A3105EF-3452-41A1-815E-18614C0D12DC}"
EndProject
Global
	GlobalSection(SolutionConfigurationPlatforms) = preSolution
		Debug|Any CPU = Debug|Any CPU
		Debug|Mixed Platforms = Debug|Mixed Platforms
		Debug|Win32 = Debug|Win32
		Debug|x86 = Debug|x86
		Release|Any CPU = Release|Any CPU
		Release|Mixed Platforms = Release|Mixed Platforms
		Release|Win32 = Release|Win32
		Release|x86 = Release|x86
	EndGlobalSection
	GlobalSection(ProjectConfigurationPlatforms) = postSolution
		{FA8BBFA4-A1E1-462B-AD8F-55502555F587}.Debug|Any CPU.ActiveCfg = Debug|Any CPU
		{FA8BBFA4-A1E1-462B-AD8F-55502555F587}.Debug|Any CPU.Build.0 = Debug|Any CPU
		{FA8BBFA4-A1E1-462B-AD8F-55502555F587}.Debug|Mixed Platforms.ActiveCfg = Debug|Any CPU
		{FA8BBFA4-A1E1-462B-AD8F-55502555F587}.Debug|Mixed Platforms.Build.0 = Debug|Any CPU
		{FA8BBFA4-A1E1-462B-AD8F-55502555F587}.Debug|Win32.ActiveCfg = Debug|Any CPU
		{FA8BBFA4-A1E1-462B-AD8F-55502555F587}.Debug|x86.ActiveCfg = Debug|Any CPU
		{FA8BBFA4-A1E1-462B-AD8F-55502555F587}.Release|Any CPU.ActiveCfg = Release|Any CPU
		{FA8BBFA4-A1E1-462B-AD8F-55502555F587}.Release|Any CPU.Build.0 = Release|Any CPU
		{FA8BBFA4-A1E1-462B-AD8F-55502555F587}.Release|Mixed Platforms.ActiveCfg = Release|Any CPU
		{FA8BBFA4-A1E1-462B-AD8F-55502555F587}.Release|Mixed Platforms.Build.0 = Release|Any CPU
		{FA8BBFA4-A1E1-462B-AD8F-55502555F587}.Release|Win32.ActiveCfg = Release|Any CPU
		{FA8BBFA4-A1E1-462B-AD8F-55502555F587}.Release|x86.ActiveCfg = Release|Any CPU
		{5D574261-42EC-45F1-91B8-5BB81A134DDA}.Debug|Any CPU.ActiveCfg = Debug|Win32
		{5D574261-42EC-45F1-91B8-5BB81A134DDA}.Debug|Mixed Platforms.ActiveCfg = Debug|Win32
		{5D574261-42EC-45F1-91B8-5BB81A134DDA}.Debug|Mixed Platforms.Build.0 = Debug|Win32
		{5D574261-42EC-45F1-91B8-5BB81A134DDA}.Debug|Win32.ActiveCfg = Debug|Win32
		{5D574261-42EC-45F1-91B8-5BB81A134DDA}.Debug|Win32.Build.0 = Debug|Win32
		{5D574261-42EC-45F1-91B8-5BB81A134DDA}.Debug|x86.ActiveCfg = Debug|Win32
		{5D574261-42EC-45F1-91B8-5BB81A134DDA}.Debug|x86.Build.0 = Debug|Win32
		{5D574261-42EC-45F1-91B8-5BB81A134DDA}.Release|Any CPU.ActiveCfg = Release|Win32
		{5D574261-42EC-45F1-91B8-5BB81A134DDA}.Release|Mixed Platforms.ActiveCfg = Release|Win32
		{5D574261-42EC-45F1-91B8-5BB81A134DDA}.Release|Mixed Platforms.Build.0 = Release|Win32
		{5D574261-42EC-45F1-91B8-5BB81A134DDA}.Release|Win32.ActiveCfg = Release|Win32
		{5D574261-42EC-45F1-91B8-5BB81A134DDA}.Release|Win32.Build.0 = Release|Win32
		{5D574261-42EC-45F1-91B8-5BB81A134DDA}.Release|x86.ActiveCfg = Release|Win32
		{5D574261-42EC-45F1-91B8-5BB81A134DDA}.Release|x86.Build.0 = Release|Win32
		{9A3105EF-3452-41A1-815E-18614C0D12DC}.Debug|Any CPU.ActiveCfg = Debug|x86
		{9A3105EF-3452-41A1-815E-18614C0D12DC}.Debug|Mixed Platforms.ActiveCfg = Debug|x86
		{9A3105EF-3452-41A1-815E-18614C0D12DC}.Debug|Mixed Platforms.Build.0 = Debug|x86
		{9A3105EF-3452-41A1-815E-18614C0D12DC}.Debug|Win32.ActiveCfg = Debug|x86
		{9A3105EF-3452-41A1-815E-18614C0D12DC}.Debug|Win32.Build.0 = Debug|x86
		{9A3105EF-3452-41A1-815E-18614C0D12DC}.Debug|x86.ActiveCfg = Debug|x86
		{9A3105EF-3452-41A1-815E-18614C0D12DC}.Debug|x86.Build.0 = Debug|x86
		{9A3105EF-3452-41A1-815E-18614C0D12DC}.Release|Any CPU.ActiveCfg = Debug|x86
		{9A3105EF-3452-41A1-815E-18614C0D12DC}.Release|Mixed Platforms.ActiveCfg = Debug|x86
		{9A3105EF-3452-41A1-815E-18614C0D12DC}.Release|Mixed Platforms.Build.0 = Debug|x86
		{9A3105EF-3452-41A1-815E-18614C0D12DC}.Release|Win32.ActiveCfg = Debug|x86
		{9A3105EF-3452-41A1-815E-18614C0D12DC}.Release|Win32.Build.0 = Debug|x86
		{9A3105EF-3452-41A1-815E-18614C0D12DC}.Release|x86.ActiveCfg = Debug|x86
		{9A3105EF-3452-41A1-815E-18614C0D12DC}.Release|x86.Build.0 = Debug|x86
	EndGlobalSection
	GlobalSection(SolutionProperties) = preSolution
		HideSolutionNode = FALSE
	EndGlobalSection
EndGlobal
